{
  "name": "abc-scraper",
  "version": "1.0.0",
  "lockfileVersion": 2,
  "requires": true,
  "packages": {
    "": {
      "name": "abc-scraper",
      "version": "1.0.0",
      "hasInstallScript": true,
      "license": "MIT",
      "devDependencies": {
        "@types/node": "^18.7.2"
      }
    },
    "node_modules/@types/node": {
      "version": "18.7.2",
      "dev": true,
      "license": "MIT"
    }
  },
  "dependencies": {
    "@types/node": {
      "version": "18.7.2",
      "dev": true
    }
  }
}
